
Microsoft Visual Studio Solution File, Format Version 12.00
# Visual Studio Version 17
VisualStudioVersion = 17.2.32630.192
MinimumVisualStudioVersion = 10.0.40219.1
Project("{9A19103F-16F7-4668-BE54-9A1E7A4F7556}") = "R5T.F0083.Construction", "R5T.F0083.Construction\R5T.F0083.Construction.csproj", "{18F98255-B566-4BC0-94BA-F25F36CFD20C}"
EndProject
Project("{9A19103F-16F7-4668-BE54-9A1E7A4F7556}") = "R5T.F0083", "R5T.F0083\R5T.F0083.csproj", "{3E8075A2-509F-48B9-AEDD-2334EFEA40B9}"
EndProject
Global
	GlobalSection(SolutionConfigurationPlatforms) = preSolution
		Debug|Any CPU = Debug|Any CPU
		Release|Any CPU = Release|Any CPU
	EndGlobalSection
	GlobalSection(ProjectConfigurationPlatforms) = postSolution
		{18F98255-B566-4BC0-94BA-F25F36CFD20C}.Debug|Any CPU.ActiveCfg = Debug|Any CPU
		{18F98255-B566-4BC0-94BA-F25F36CFD20C}.Debug|Any CPU.Build.0 = Debug|Any CPU
		{18F98255-B566-4BC0-94BA-F25F36CFD20C}.Release|Any CPU.ActiveCfg = Release|Any CPU
		{18F98255-B566-4BC0-94BA-F25F36CFD20C}.Release|Any CPU.Build.0 = Release|Any CPU
		{3E8075A2-509F-48B9-AEDD-2334EFEA40B9}.Debug|Any CPU.ActiveCfg = Debug|Any CPU
		{3E8075A2-509F-48B9-AEDD-2334EFEA40B9}.Debug|Any CPU.Build.0 = Debug|Any CPU
		{3E8075A2-509F-48B9-AEDD-2334EFEA40B9}.Release|Any CPU.ActiveCfg = Release|Any CPU
		{3E8075A2-509F-48B9-AEDD-2334EFEA40B9}.Release|Any CPU.Build.0 = Release|Any CPU
	EndGlobalSection
	GlobalSection(SolutionProperties) = preSolution
		HideSolutionNode = FALSE
	EndGlobalSection
	GlobalSection(ExtensibilityGlobals) = postSolution
		SolutionGuid = {2045AD93-F8C9-41F6-B202-E4560919A2DD}
	EndGlobalSection
EndGlobal
