
Microsoft Visual Studio Solution File, Format Version 12.00
# Visual Studio Version 17
VisualStudioVersion = 17.2.32630.192
MinimumVisualStudioVersion = 10.0.40219.1
Project("{9A19103F-16F7-4668-BE54-9A1E7A4F7556}") = "R5T.F0083.Construction", "R5T.F0083.Construction\R5T.F0083.Construction.csproj", "{18F98255-B566-4BC0-94BA-F25F36CFD20C}"
EndProject
Project("{9A19103F-16F7-4668-BE54-9A1E7A4F7556}") = "R5T.F0083", "R5T.F0083\R5T.F0083.csproj", "{3E8075A2-509F-48B9-AEDD-2334EFEA40B9}"
EndProject
Project("{2150E333-8FDC-42A3-9474-1A3956D46DE8}") = "_Dependencies", "_Dependencies", "{7FE8AAE8-5202-4B9B-BDEF-DA09D84D1FE2}"
EndProject
Project("{FAE04EC0-301F-11D3-BF4B-00C04F79EFBC}") = "R5T.F0083.R001", "R5T.F0083.R001\R5T.F0083.R001.csproj", "{2D864EF9-F547-41C0-A7AA-CC1EDADFC8B1}"
EndProject
Project("{9A19103F-16F7-4668-BE54-9A1E7A4F7556}") = "R5T.Z0021", "..\..\R5T.Z0021\source\R5T.Z0021\R5T.Z0021.csproj", "{29F61FC5-312F-4B8C-8443-254CC7D08439}"
EndProject
Project("{9A19103F-16F7-4668-BE54-9A1E7A4F7556}") = "R5T.F0033", "..\..\R5T.F0033\source\R5T.F0033\R5T.F0033.csproj", "{B8CA6939-D722-4E21-936A-124F7E178D91}"
EndProject
Project("{9A19103F-16F7-4668-BE54-9A1E7A4F7556}") = "R5T.NG0009", "..\..\R5T.NG0009\source\R5T.NG0009\R5T.NG0009.csproj", "{0AA5DFC5-77EC-43D2-8349-3316EBB6267C}"
EndProject
Project("{9A19103F-16F7-4668-BE54-9A1E7A4F7556}") = "R5T.T0131", "..\..\R5T.T0131\source\R5T.T0131\R5T.T0131.csproj", "{91BCEB72-1B27-4F6F-A9F8-B043E9319CDF}"
EndProject
Project("{9A19103F-16F7-4668-BE54-9A1E7A4F7556}") = "R5T.T0132", "..\..\R5T.T0132\source\R5T.T0132\R5T.T0132.csproj", "{73781E2E-8125-4495-AD05-0F803D9245C7}"
EndProject
Project("{9A19103F-16F7-4668-BE54-9A1E7A4F7556}") = "R5T.T0142", "..\..\R5T.T0142\source\R5T.T0142\R5T.T0142.csproj", "{A0586799-0B2F-4448-8E65-2A04BF85EABF}"
EndProject
Project("{9A19103F-16F7-4668-BE54-9A1E7A4F7556}") = "R5T.T0143", "..\..\R5T.T0143\source\R5T.T0143\R5T.T0143.csproj", "{0C163F17-A188-4583-88F0-07EFA3FB7825}"
EndProject
Project("{9A19103F-16F7-4668-BE54-9A1E7A4F7556}") = "R5T.Z0015", "..\..\R5T.Z0015\source\R5T.Z0015\R5T.Z0015.csproj", "{93D6E791-DA8C-4AA3-8BE5-4A5A829FF749}"
EndProject
Project("{9A19103F-16F7-4668-BE54-9A1E7A4F7556}") = "R5T.F0033.Platform", "..\..\R5T.F0033\source\R5T.F0033.Platform\R5T.F0033.Platform.csproj", "{A710B825-D19A-4FB0-B0BF-872E69751057}"
EndProject
Project("{9A19103F-16F7-4668-BE54-9A1E7A4F7556}") = "R5T.F0086", "..\..\R5T.F0086\source\R5T.F0086\R5T.F0086.csproj", "{8EE6D5E2-FD94-4C2D-8917-FA7D53383A7F}"
EndProject
Project("{9A19103F-16F7-4668-BE54-9A1E7A4F7556}") = "R5T.L0066", "..\..\R5T.L0066\source\R5T.L0066\R5T.L0066.csproj", "{2864615F-3092-4BAC-B3BC-1B068B40ABE3}"
EndProject
Project("{9A19103F-16F7-4668-BE54-9A1E7A4F7556}") = "R5T.T0154", "..\..\R5T.T0154\source\R5T.T0154\R5T.T0154.csproj", "{16FDBD29-44E2-402C-BD65-5E62F37350A5}"
EndProject
Project("{9A19103F-16F7-4668-BE54-9A1E7A4F7556}") = "R5T.T0156", "..\..\R5T.T0156\source\R5T.T0156\R5T.T0156.csproj", "{838DA8F0-45FD-4399-808F-3DF12ED555AD}"
EndProject
Project("{9A19103F-16F7-4668-BE54-9A1E7A4F7556}") = "R5T.T0178", "..\..\R5T.T0178\source\R5T.T0178\R5T.T0178.csproj", "{F82875FE-9556-47B9-B40B-4B618EA90BF7}"
EndProject
Project("{9A19103F-16F7-4668-BE54-9A1E7A4F7556}") = "R5T.T0179", "..\..\R5T.T0179\source\R5T.T0179\R5T.T0179.csproj", "{C7212CD8-CCD6-4D65-A74C-4F5E6834A37E}"
EndProject
Project("{9A19103F-16F7-4668-BE54-9A1E7A4F7556}") = "R5T.T0180", "..\..\R5T.T0180\source\R5T.T0180\R5T.T0180.csproj", "{B4CDDCBA-2016-42D6-9B2B-D20CAF4F2E07}"
EndProject
Project("{9A19103F-16F7-4668-BE54-9A1E7A4F7556}") = "R5T.T0181", "..\..\R5T.T0181\source\R5T.T0181\R5T.T0181.csproj", "{EE2178DA-8B93-421B-AAFD-07041C2E642B}"
EndProject
Project("{9A19103F-16F7-4668-BE54-9A1E7A4F7556}") = "R5T.Y0006", "..\..\R5T.Y0006\source\R5T.Y0006\R5T.Y0006.csproj", "{734F3BF9-D5B8-401F-BE9E-56DDC3F205D5}"
EndProject
Project("{9A19103F-16F7-4668-BE54-9A1E7A4F7556}") = "R5T.F0144", "..\..\R5T.F0144\source\R5T.F0144\R5T.F0144.csproj", "{2B70A46E-9A49-4B95-811F-63C3D103BFEB}"
EndProject
Project("{9A19103F-16F7-4668-BE54-9A1E7A4F7556}") = "R5T.NG0024", "..\..\R5T.NG0024\source\R5T.NG0024\R5T.NG0024.csproj", "{3465CE0B-21ED-44B7-A9B3-653374010A46}"
EndProject
Project("{9A19103F-16F7-4668-BE54-9A1E7A4F7556}") = "R5T.F0028", "..\..\R5T.F0028\source\R5T.F0028\R5T.F0028.csproj", "{9434BA1E-DF5D-4979-93F9-DA43C714D09B}"
EndProject
Project("{9A19103F-16F7-4668-BE54-9A1E7A4F7556}") = "R5T.NG0002", "..\..\R5T.NG0002\source\R5T.NG0002\R5T.NG0002.csproj", "{7DB21029-93E4-4AF0-96A2-4AD5C696A621}"
EndProject
Global
	GlobalSection(NestedProjects) = preSolution
		{29F61FC5-312F-4B8C-8443-254CC7D08439} = {7FE8AAE8-5202-4B9B-BDEF-DA09D84D1FE2}
		{B8CA6939-D722-4E21-936A-124F7E178D91} = {7FE8AAE8-5202-4B9B-BDEF-DA09D84D1FE2}
		{0AA5DFC5-77EC-43D2-8349-3316EBB6267C} = {7FE8AAE8-5202-4B9B-BDEF-DA09D84D1FE2}
		{91BCEB72-1B27-4F6F-A9F8-B043E9319CDF} = {7FE8AAE8-5202-4B9B-BDEF-DA09D84D1FE2}
		{73781E2E-8125-4495-AD05-0F803D9245C7} = {7FE8AAE8-5202-4B9B-BDEF-DA09D84D1FE2}
		{A0586799-0B2F-4448-8E65-2A04BF85EABF} = {7FE8AAE8-5202-4B9B-BDEF-DA09D84D1FE2}
		{0C163F17-A188-4583-88F0-07EFA3FB7825} = {7FE8AAE8-5202-4B9B-BDEF-DA09D84D1FE2}
		{93D6E791-DA8C-4AA3-8BE5-4A5A829FF749} = {7FE8AAE8-5202-4B9B-BDEF-DA09D84D1FE2}
		{A710B825-D19A-4FB0-B0BF-872E69751057} = {7FE8AAE8-5202-4B9B-BDEF-DA09D84D1FE2}
		{8EE6D5E2-FD94-4C2D-8917-FA7D53383A7F} = {7FE8AAE8-5202-4B9B-BDEF-DA09D84D1FE2}
		{2864615F-3092-4BAC-B3BC-1B068B40ABE3} = {7FE8AAE8-5202-4B9B-BDEF-DA09D84D1FE2}
		{16FDBD29-44E2-402C-BD65-5E62F37350A5} = {7FE8AAE8-5202-4B9B-BDEF-DA09D84D1FE2}
		{838DA8F0-45FD-4399-808F-3DF12ED555AD} = {7FE8AAE8-5202-4B9B-BDEF-DA09D84D1FE2}
		{F82875FE-9556-47B9-B40B-4B618EA90BF7} = {7FE8AAE8-5202-4B9B-BDEF-DA09D84D1FE2}
		{C7212CD8-CCD6-4D65-A74C-4F5E6834A37E} = {7FE8AAE8-5202-4B9B-BDEF-DA09D84D1FE2}
		{B4CDDCBA-2016-42D6-9B2B-D20CAF4F2E07} = {7FE8AAE8-5202-4B9B-BDEF-DA09D84D1FE2}
		{EE2178DA-8B93-421B-AAFD-07041C2E642B} = {7FE8AAE8-5202-4B9B-BDEF-DA09D84D1FE2}
		{734F3BF9-D5B8-401F-BE9E-56DDC3F205D5} = {7FE8AAE8-5202-4B9B-BDEF-DA09D84D1FE2}
		{2B70A46E-9A49-4B95-811F-63C3D103BFEB} = {7FE8AAE8-5202-4B9B-BDEF-DA09D84D1FE2}
		{3465CE0B-21ED-44B7-A9B3-653374010A46} = {7FE8AAE8-5202-4B9B-BDEF-DA09D84D1FE2}
		{9434BA1E-DF5D-4979-93F9-DA43C714D09B} = {7FE8AAE8-5202-4B9B-BDEF-DA09D84D1FE2}
		{7DB21029-93E4-4AF0-96A2-4AD5C696A621} = {7FE8AAE8-5202-4B9B-BDEF-DA09D84D1FE2}
	EndGlobalSection
	GlobalSection(SolutionConfigurationPlatforms) = preSolution
		Debug|Any CPU = Debug|Any CPU
		Release|Any CPU = Release|Any CPU
	EndGlobalSection
	GlobalSection(ProjectConfigurationPlatforms) = postSolution
		{18F98255-B566-4BC0-94BA-F25F36CFD20C}.Debug|Any CPU.ActiveCfg = Debug|Any CPU
		{18F98255-B566-4BC0-94BA-F25F36CFD20C}.Debug|Any CPU.Build.0 = Debug|Any CPU
		{18F98255-B566-4BC0-94BA-F25F36CFD20C}.Release|Any CPU.ActiveCfg = Release|Any CPU
		{18F98255-B566-4BC0-94BA-F25F36CFD20C}.Release|Any CPU.Build.0 = Release|Any CPU
		{3E8075A2-509F-48B9-AEDD-2334EFEA40B9}.Debug|Any CPU.ActiveCfg = Debug|Any CPU
		{3E8075A2-509F-48B9-AEDD-2334EFEA40B9}.Debug|Any CPU.Build.0 = Debug|Any CPU
		{3E8075A2-509F-48B9-AEDD-2334EFEA40B9}.Release|Any CPU.ActiveCfg = Release|Any CPU
		{3E8075A2-509F-48B9-AEDD-2334EFEA40B9}.Release|Any CPU.Build.0 = Release|Any CPU
		{2D864EF9-F547-41C0-A7AA-CC1EDADFC8B1}.Debug|Any CPU.ActiveCfg = Debug|Any CPU
		{2D864EF9-F547-41C0-A7AA-CC1EDADFC8B1}.Debug|Any CPU.Build.0 = Debug|Any CPU
		{2D864EF9-F547-41C0-A7AA-CC1EDADFC8B1}.Release|Any CPU.ActiveCfg = Release|Any CPU
		{2D864EF9-F547-41C0-A7AA-CC1EDADFC8B1}.Release|Any CPU.Build.0 = Release|Any CPU
		{29F61FC5-312F-4B8C-8443-254CC7D08439}.Debug|Any CPU.ActiveCfg = Debug|Any CPU
		{29F61FC5-312F-4B8C-8443-254CC7D08439}.Debug|Any CPU.Build.0 = Debug|Any CPU
		{29F61FC5-312F-4B8C-8443-254CC7D08439}.Release|Any CPU.ActiveCfg = Release|Any CPU
		{29F61FC5-312F-4B8C-8443-254CC7D08439}.Release|Any CPU.Build.0 = Release|Any CPU
		{B8CA6939-D722-4E21-936A-124F7E178D91}.Debug|Any CPU.ActiveCfg = Debug|Any CPU
		{B8CA6939-D722-4E21-936A-124F7E178D91}.Debug|Any CPU.Build.0 = Debug|Any CPU
		{B8CA6939-D722-4E21-936A-124F7E178D91}.Release|Any CPU.ActiveCfg = Release|Any CPU
		{B8CA6939-D722-4E21-936A-124F7E178D91}.Release|Any CPU.Build.0 = Release|Any CPU
		{0AA5DFC5-77EC-43D2-8349-3316EBB6267C}.Debug|Any CPU.ActiveCfg = Debug|Any CPU
		{0AA5DFC5-77EC-43D2-8349-3316EBB6267C}.Debug|Any CPU.Build.0 = Debug|Any CPU
		{0AA5DFC5-77EC-43D2-8349-3316EBB6267C}.Release|Any CPU.ActiveCfg = Release|Any CPU
		{0AA5DFC5-77EC-43D2-8349-3316EBB6267C}.Release|Any CPU.Build.0 = Release|Any CPU
		{91BCEB72-1B27-4F6F-A9F8-B043E9319CDF}.Debug|Any CPU.ActiveCfg = Debug|Any CPU
		{91BCEB72-1B27-4F6F-A9F8-B043E9319CDF}.Debug|Any CPU.Build.0 = Debug|Any CPU
		{91BCEB72-1B27-4F6F-A9F8-B043E9319CDF}.Release|Any CPU.ActiveCfg = Release|Any CPU
		{91BCEB72-1B27-4F6F-A9F8-B043E9319CDF}.Release|Any CPU.Build.0 = Release|Any CPU
		{73781E2E-8125-4495-AD05-0F803D9245C7}.Debug|Any CPU.ActiveCfg = Debug|Any CPU
		{73781E2E-8125-4495-AD05-0F803D9245C7}.Debug|Any CPU.Build.0 = Debug|Any CPU
		{73781E2E-8125-4495-AD05-0F803D9245C7}.Release|Any CPU.ActiveCfg = Release|Any CPU
		{73781E2E-8125-4495-AD05-0F803D9245C7}.Release|Any CPU.Build.0 = Release|Any CPU
		{A0586799-0B2F-4448-8E65-2A04BF85EABF}.Debug|Any CPU.ActiveCfg = Debug|Any CPU
		{A0586799-0B2F-4448-8E65-2A04BF85EABF}.Debug|Any CPU.Build.0 = Debug|Any CPU
		{A0586799-0B2F-4448-8E65-2A04BF85EABF}.Release|Any CPU.ActiveCfg = Release|Any CPU
		{A0586799-0B2F-4448-8E65-2A04BF85EABF}.Release|Any CPU.Build.0 = Release|Any CPU
		{0C163F17-A188-4583-88F0-07EFA3FB7825}.Debug|Any CPU.ActiveCfg = Debug|Any CPU
		{0C163F17-A188-4583-88F0-07EFA3FB7825}.Debug|Any CPU.Build.0 = Debug|Any CPU
		{0C163F17-A188-4583-88F0-07EFA3FB7825}.Release|Any CPU.ActiveCfg = Release|Any CPU
		{0C163F17-A188-4583-88F0-07EFA3FB7825}.Release|Any CPU.Build.0 = Release|Any CPU
		{93D6E791-DA8C-4AA3-8BE5-4A5A829FF749}.Debug|Any CPU.ActiveCfg = Debug|Any CPU
		{93D6E791-DA8C-4AA3-8BE5-4A5A829FF749}.Debug|Any CPU.Build.0 = Debug|Any CPU
		{93D6E791-DA8C-4AA3-8BE5-4A5A829FF749}.Release|Any CPU.ActiveCfg = Release|Any CPU
		{93D6E791-DA8C-4AA3-8BE5-4A5A829FF749}.Release|Any CPU.Build.0 = Release|Any CPU
		{A710B825-D19A-4FB0-B0BF-872E69751057}.Debug|Any CPU.ActiveCfg = Debug|Any CPU
		{A710B825-D19A-4FB0-B0BF-872E69751057}.Debug|Any CPU.Build.0 = Debug|Any CPU
		{A710B825-D19A-4FB0-B0BF-872E69751057}.Release|Any CPU.ActiveCfg = Release|Any CPU
		{A710B825-D19A-4FB0-B0BF-872E69751057}.Release|Any CPU.Build.0 = Release|Any CPU
		{8EE6D5E2-FD94-4C2D-8917-FA7D53383A7F}.Debug|Any CPU.ActiveCfg = Debug|Any CPU
		{8EE6D5E2-FD94-4C2D-8917-FA7D53383A7F}.Debug|Any CPU.Build.0 = Debug|Any CPU
		{8EE6D5E2-FD94-4C2D-8917-FA7D53383A7F}.Release|Any CPU.ActiveCfg = Release|Any CPU
		{8EE6D5E2-FD94-4C2D-8917-FA7D53383A7F}.Release|Any CPU.Build.0 = Release|Any CPU
		{2864615F-3092-4BAC-B3BC-1B068B40ABE3}.Debug|Any CPU.ActiveCfg = Debug|Any CPU
		{2864615F-3092-4BAC-B3BC-1B068B40ABE3}.Debug|Any CPU.Build.0 = Debug|Any CPU
		{2864615F-3092-4BAC-B3BC-1B068B40ABE3}.Release|Any CPU.ActiveCfg = Release|Any CPU
		{2864615F-3092-4BAC-B3BC-1B068B40ABE3}.Release|Any CPU.Build.0 = Release|Any CPU
		{16FDBD29-44E2-402C-BD65-5E62F37350A5}.Debug|Any CPU.ActiveCfg = Debug|Any CPU
		{16FDBD29-44E2-402C-BD65-5E62F37350A5}.Debug|Any CPU.Build.0 = Debug|Any CPU
		{16FDBD29-44E2-402C-BD65-5E62F37350A5}.Release|Any CPU.ActiveCfg = Release|Any CPU
		{16FDBD29-44E2-402C-BD65-5E62F37350A5}.Release|Any CPU.Build.0 = Release|Any CPU
		{838DA8F0-45FD-4399-808F-3DF12ED555AD}.Debug|Any CPU.ActiveCfg = Debug|Any CPU
		{838DA8F0-45FD-4399-808F-3DF12ED555AD}.Debug|Any CPU.Build.0 = Debug|Any CPU
		{838DA8F0-45FD-4399-808F-3DF12ED555AD}.Release|Any CPU.ActiveCfg = Release|Any CPU
		{838DA8F0-45FD-4399-808F-3DF12ED555AD}.Release|Any CPU.Build.0 = Release|Any CPU
		{F82875FE-9556-47B9-B40B-4B618EA90BF7}.Debug|Any CPU.ActiveCfg = Debug|Any CPU
		{F82875FE-9556-47B9-B40B-4B618EA90BF7}.Debug|Any CPU.Build.0 = Debug|Any CPU
		{F82875FE-9556-47B9-B40B-4B618EA90BF7}.Release|Any CPU.ActiveCfg = Release|Any CPU
		{F82875FE-9556-47B9-B40B-4B618EA90BF7}.Release|Any CPU.Build.0 = Release|Any CPU
		{C7212CD8-CCD6-4D65-A74C-4F5E6834A37E}.Debug|Any CPU.ActiveCfg = Debug|Any CPU
		{C7212CD8-CCD6-4D65-A74C-4F5E6834A37E}.Debug|Any CPU.Build.0 = Debug|Any CPU
		{C7212CD8-CCD6-4D65-A74C-4F5E6834A37E}.Release|Any CPU.ActiveCfg = Release|Any CPU
		{C7212CD8-CCD6-4D65-A74C-4F5E6834A37E}.Release|Any CPU.Build.0 = Release|Any CPU
		{B4CDDCBA-2016-42D6-9B2B-D20CAF4F2E07}.Debug|Any CPU.ActiveCfg = Debug|Any CPU
		{B4CDDCBA-2016-42D6-9B2B-D20CAF4F2E07}.Debug|Any CPU.Build.0 = Debug|Any CPU
		{B4CDDCBA-2016-42D6-9B2B-D20CAF4F2E07}.Release|Any CPU.ActiveCfg = Release|Any CPU
		{B4CDDCBA-2016-42D6-9B2B-D20CAF4F2E07}.Release|Any CPU.Build.0 = Release|Any CPU
		{EE2178DA-8B93-421B-AAFD-07041C2E642B}.Debug|Any CPU.ActiveCfg = Debug|Any CPU
		{EE2178DA-8B93-421B-AAFD-07041C2E642B}.Debug|Any CPU.Build.0 = Debug|Any CPU
		{EE2178DA-8B93-421B-AAFD-07041C2E642B}.Release|Any CPU.ActiveCfg = Release|Any CPU
		{EE2178DA-8B93-421B-AAFD-07041C2E642B}.Release|Any CPU.Build.0 = Release|Any CPU
		{734F3BF9-D5B8-401F-BE9E-56DDC3F205D5}.Debug|Any CPU.ActiveCfg = Debug|Any CPU
		{734F3BF9-D5B8-401F-BE9E-56DDC3F205D5}.Debug|Any CPU.Build.0 = Debug|Any CPU
		{734F3BF9-D5B8-401F-BE9E-56DDC3F205D5}.Release|Any CPU.ActiveCfg = Release|Any CPU
		{734F3BF9-D5B8-401F-BE9E-56DDC3F205D5}.Release|Any CPU.Build.0 = Release|Any CPU
		{2B70A46E-9A49-4B95-811F-63C3D103BFEB}.Debug|Any CPU.ActiveCfg = Debug|Any CPU
		{2B70A46E-9A49-4B95-811F-63C3D103BFEB}.Debug|Any CPU.Build.0 = Debug|Any CPU
		{2B70A46E-9A49-4B95-811F-63C3D103BFEB}.Release|Any CPU.ActiveCfg = Release|Any CPU
		{2B70A46E-9A49-4B95-811F-63C3D103BFEB}.Release|Any CPU.Build.0 = Release|Any CPU
		{3465CE0B-21ED-44B7-A9B3-653374010A46}.Debug|Any CPU.ActiveCfg = Debug|Any CPU
		{3465CE0B-21ED-44B7-A9B3-653374010A46}.Debug|Any CPU.Build.0 = Debug|Any CPU
		{3465CE0B-21ED-44B7-A9B3-653374010A46}.Release|Any CPU.ActiveCfg = Release|Any CPU
		{3465CE0B-21ED-44B7-A9B3-653374010A46}.Release|Any CPU.Build.0 = Release|Any CPU
		{9434BA1E-DF5D-4979-93F9-DA43C714D09B}.Debug|Any CPU.ActiveCfg = Debug|Any CPU
		{9434BA1E-DF5D-4979-93F9-DA43C714D09B}.Debug|Any CPU.Build.0 = Debug|Any CPU
		{9434BA1E-DF5D-4979-93F9-DA43C714D09B}.Release|Any CPU.ActiveCfg = Release|Any CPU
		{9434BA1E-DF5D-4979-93F9-DA43C714D09B}.Release|Any CPU.Build.0 = Release|Any CPU
		{7DB21029-93E4-4AF0-96A2-4AD5C696A621}.Debug|Any CPU.ActiveCfg = Debug|Any CPU
		{7DB21029-93E4-4AF0-96A2-4AD5C696A621}.Debug|Any CPU.Build.0 = Debug|Any CPU
		{7DB21029-93E4-4AF0-96A2-4AD5C696A621}.Release|Any CPU.ActiveCfg = Release|Any CPU
		{7DB21029-93E4-4AF0-96A2-4AD5C696A621}.Release|Any CPU.Build.0 = Release|Any CPU
	EndGlobalSection
	GlobalSection(SolutionProperties) = preSolution
		HideSolutionNode = FALSE
	EndGlobalSection
	GlobalSection(ExtensibilityGlobals) = postSolution
		SolutionGuid = {2045AD93-F8C9-41F6-B202-E4560919A2DD}
	EndGlobalSection
EndGlobal
