
Microsoft Visual Studio Solution File, Format Version 12.00
# Visual Studio Version 17
VisualStudioVersion = 17.2.32630.192
MinimumVisualStudioVersion = 10.0.40219.1
Project("{9A19103F-16F7-4668-BE54-9A1E7A4F7556}") = "R5T.F0083", "R5T.F0083\R5T.F0083.csproj", "{63972932-3C84-48C1-89A7-5751F24BFE0F}"
EndProject
Project("{2150E333-8FDC-42A3-9474-1A3956D46DE8}") = "_Dependencies", "_Dependencies", "{74B83619-A6F6-44E6-82D7-DCB1B842182F}"
EndProject
Project("{9A19103F-16F7-4668-BE54-9A1E7A4F7556}") = "R5T.F0000", "..\..\R5T.F0000\source\R5T.F0000\R5T.F0000.csproj", "{CB39C7CF-5488-4E1A-9A93-73D1319CC8B9}"
EndProject
Project("{9A19103F-16F7-4668-BE54-9A1E7A4F7556}") = "R5T.F0078", "..\..\R5T.F0078\source\R5T.F0078\R5T.F0078.csproj", "{F6B5E49C-7964-4EB4-89E1-747D47B531D9}"
EndProject
Project("{9A19103F-16F7-4668-BE54-9A1E7A4F7556}") = "R5T.F0079", "..\..\R5T.F0079\source\R5T.F0079\R5T.F0079.csproj", "{655FCA12-7B55-42E4-A321-5404ACADD95F}"
EndProject
Project("{9A19103F-16F7-4668-BE54-9A1E7A4F7556}") = "R5T.F0083.R001", "R5T.F0083.R001\R5T.F0083.R001.csproj", "{25584710-DEDE-4B75-87DB-8A313448723E}"
EndProject
Project("{9A19103F-16F7-4668-BE54-9A1E7A4F7556}") = "R5T.F0086", "..\..\R5T.F0086\source\R5T.F0086\R5T.F0086.csproj", "{8183ABCD-BE36-4111-86B0-C371CD6C08F9}"
EndProject
Project("{9A19103F-16F7-4668-BE54-9A1E7A4F7556}") = "R5T.NG0009", "..\..\R5T.NG0009\source\R5T.NG0009\R5T.NG0009.csproj", "{278E2E44-4D1B-4D74-86AC-D04A6E670F49}"
EndProject
Project("{9A19103F-16F7-4668-BE54-9A1E7A4F7556}") = "R5T.NG0014", "..\..\R5T.NG0014\source\R5T.NG0014\R5T.NG0014.csproj", "{460E736B-D32C-441E-967D-8A264D1360A3}"
EndProject
Project("{9A19103F-16F7-4668-BE54-9A1E7A4F7556}") = "R5T.T0131", "..\..\R5T.T0131\source\R5T.T0131\R5T.T0131.csproj", "{6AD1A6D1-8C72-4720-B36D-A14A1E918B92}"
EndProject
Project("{9A19103F-16F7-4668-BE54-9A1E7A4F7556}") = "R5T.T0132", "..\..\R5T.T0132\source\R5T.T0132\R5T.T0132.csproj", "{B5B7EBE8-F8F4-47A4-A007-B0A655AA9DEB}"
EndProject
Project("{9A19103F-16F7-4668-BE54-9A1E7A4F7556}") = "R5T.T0142", "..\..\R5T.T0142\source\R5T.T0142\R5T.T0142.csproj", "{E7C0C9D6-D667-4F5C-8505-1B7A091776E1}"
EndProject
Project("{9A19103F-16F7-4668-BE54-9A1E7A4F7556}") = "R5T.T0143", "..\..\R5T.T0143\source\R5T.T0143\R5T.T0143.csproj", "{3707CF42-1789-425C-90E4-6EE8DC55AD6D}"
EndProject
Project("{9A19103F-16F7-4668-BE54-9A1E7A4F7556}") = "R5T.Y0000", "..\..\R5T.Y0000\source\R5T.Y0000\R5T.Y0000.csproj", "{1B9D884F-C138-48F1-872B-2F1B50510114}"
EndProject
Project("{9A19103F-16F7-4668-BE54-9A1E7A4F7556}") = "R5T.Z0000", "..\..\R5T.Z0000\source\R5T.Z0000\R5T.Z0000.csproj", "{823275CE-4312-4179-8B64-438B1ED02DFA}"
EndProject
Project("{9A19103F-16F7-4668-BE54-9A1E7A4F7556}") = "R5T.T0154", "..\..\R5T.T0154\source\R5T.T0154\R5T.T0154.csproj", "{98043AD6-2CF3-4C2F-AE61-7FD3002FB45A}"
EndProject
Project("{9A19103F-16F7-4668-BE54-9A1E7A4F7556}") = "R5T.F0144", "..\..\R5T.F0144\source\R5T.F0144\R5T.F0144.csproj", "{ABB6DA40-C9C0-4145-B78B-50EAA3004AB6}"
EndProject
Project("{9A19103F-16F7-4668-BE54-9A1E7A4F7556}") = "R5T.L0066", "..\..\R5T.L0066\source\R5T.L0066\R5T.L0066.csproj", "{4FB8A5F8-C199-44ED-B817-609A9B8788AB}"
EndProject
Project("{9A19103F-16F7-4668-BE54-9A1E7A4F7556}") = "R5T.NG0024", "..\..\R5T.NG0024\source\R5T.NG0024\R5T.NG0024.csproj", "{542AE938-392E-42CF-85F9-EB0CAF2743D5}"
EndProject
Project("{9A19103F-16F7-4668-BE54-9A1E7A4F7556}") = "R5T.T0156", "..\..\R5T.T0156\source\R5T.T0156\R5T.T0156.csproj", "{2C06A55E-CA4F-40DD-BF99-5F0456599466}"
EndProject
Project("{9A19103F-16F7-4668-BE54-9A1E7A4F7556}") = "R5T.Y0006", "..\..\R5T.Y0006\source\R5T.Y0006\R5T.Y0006.csproj", "{C8F1F7BA-5B66-4382-9CF1-3640626CD0E7}"
EndProject
Global
	GlobalSection(NestedProjects) = preSolution
		{CB39C7CF-5488-4E1A-9A93-73D1319CC8B9} = {74B83619-A6F6-44E6-82D7-DCB1B842182F}
		{F6B5E49C-7964-4EB4-89E1-747D47B531D9} = {74B83619-A6F6-44E6-82D7-DCB1B842182F}
		{655FCA12-7B55-42E4-A321-5404ACADD95F} = {74B83619-A6F6-44E6-82D7-DCB1B842182F}
		{8183ABCD-BE36-4111-86B0-C371CD6C08F9} = {74B83619-A6F6-44E6-82D7-DCB1B842182F}
		{278E2E44-4D1B-4D74-86AC-D04A6E670F49} = {74B83619-A6F6-44E6-82D7-DCB1B842182F}
		{460E736B-D32C-441E-967D-8A264D1360A3} = {74B83619-A6F6-44E6-82D7-DCB1B842182F}
		{6AD1A6D1-8C72-4720-B36D-A14A1E918B92} = {74B83619-A6F6-44E6-82D7-DCB1B842182F}
		{B5B7EBE8-F8F4-47A4-A007-B0A655AA9DEB} = {74B83619-A6F6-44E6-82D7-DCB1B842182F}
		{E7C0C9D6-D667-4F5C-8505-1B7A091776E1} = {74B83619-A6F6-44E6-82D7-DCB1B842182F}
		{3707CF42-1789-425C-90E4-6EE8DC55AD6D} = {74B83619-A6F6-44E6-82D7-DCB1B842182F}
		{1B9D884F-C138-48F1-872B-2F1B50510114} = {74B83619-A6F6-44E6-82D7-DCB1B842182F}
		{823275CE-4312-4179-8B64-438B1ED02DFA} = {74B83619-A6F6-44E6-82D7-DCB1B842182F}
		{98043AD6-2CF3-4C2F-AE61-7FD3002FB45A} = {74B83619-A6F6-44E6-82D7-DCB1B842182F}
		{ABB6DA40-C9C0-4145-B78B-50EAA3004AB6} = {74B83619-A6F6-44E6-82D7-DCB1B842182F}
		{4FB8A5F8-C199-44ED-B817-609A9B8788AB} = {74B83619-A6F6-44E6-82D7-DCB1B842182F}
		{542AE938-392E-42CF-85F9-EB0CAF2743D5} = {74B83619-A6F6-44E6-82D7-DCB1B842182F}
		{2C06A55E-CA4F-40DD-BF99-5F0456599466} = {74B83619-A6F6-44E6-82D7-DCB1B842182F}
		{C8F1F7BA-5B66-4382-9CF1-3640626CD0E7} = {74B83619-A6F6-44E6-82D7-DCB1B842182F}
	EndGlobalSection
	GlobalSection(SolutionConfigurationPlatforms) = preSolution
		Debug|Any CPU = Debug|Any CPU
		Release|Any CPU = Release|Any CPU
	EndGlobalSection
	GlobalSection(ProjectConfigurationPlatforms) = postSolution
		{63972932-3C84-48C1-89A7-5751F24BFE0F}.Debug|Any CPU.ActiveCfg = Debug|Any CPU
		{63972932-3C84-48C1-89A7-5751F24BFE0F}.Debug|Any CPU.Build.0 = Debug|Any CPU
		{63972932-3C84-48C1-89A7-5751F24BFE0F}.Release|Any CPU.ActiveCfg = Release|Any CPU
		{63972932-3C84-48C1-89A7-5751F24BFE0F}.Release|Any CPU.Build.0 = Release|Any CPU
		{CB39C7CF-5488-4E1A-9A93-73D1319CC8B9}.Debug|Any CPU.ActiveCfg = Debug|Any CPU
		{CB39C7CF-5488-4E1A-9A93-73D1319CC8B9}.Debug|Any CPU.Build.0 = Debug|Any CPU
		{CB39C7CF-5488-4E1A-9A93-73D1319CC8B9}.Release|Any CPU.ActiveCfg = Release|Any CPU
		{CB39C7CF-5488-4E1A-9A93-73D1319CC8B9}.Release|Any CPU.Build.0 = Release|Any CPU
		{F6B5E49C-7964-4EB4-89E1-747D47B531D9}.Debug|Any CPU.ActiveCfg = Debug|Any CPU
		{F6B5E49C-7964-4EB4-89E1-747D47B531D9}.Debug|Any CPU.Build.0 = Debug|Any CPU
		{F6B5E49C-7964-4EB4-89E1-747D47B531D9}.Release|Any CPU.ActiveCfg = Release|Any CPU
		{F6B5E49C-7964-4EB4-89E1-747D47B531D9}.Release|Any CPU.Build.0 = Release|Any CPU
		{655FCA12-7B55-42E4-A321-5404ACADD95F}.Debug|Any CPU.ActiveCfg = Debug|Any CPU
		{655FCA12-7B55-42E4-A321-5404ACADD95F}.Debug|Any CPU.Build.0 = Debug|Any CPU
		{655FCA12-7B55-42E4-A321-5404ACADD95F}.Release|Any CPU.ActiveCfg = Release|Any CPU
		{655FCA12-7B55-42E4-A321-5404ACADD95F}.Release|Any CPU.Build.0 = Release|Any CPU
		{25584710-DEDE-4B75-87DB-8A313448723E}.Debug|Any CPU.ActiveCfg = Debug|Any CPU
		{25584710-DEDE-4B75-87DB-8A313448723E}.Debug|Any CPU.Build.0 = Debug|Any CPU
		{25584710-DEDE-4B75-87DB-8A313448723E}.Release|Any CPU.ActiveCfg = Release|Any CPU
		{25584710-DEDE-4B75-87DB-8A313448723E}.Release|Any CPU.Build.0 = Release|Any CPU
		{8183ABCD-BE36-4111-86B0-C371CD6C08F9}.Debug|Any CPU.ActiveCfg = Debug|Any CPU
		{8183ABCD-BE36-4111-86B0-C371CD6C08F9}.Debug|Any CPU.Build.0 = Debug|Any CPU
		{8183ABCD-BE36-4111-86B0-C371CD6C08F9}.Release|Any CPU.ActiveCfg = Release|Any CPU
		{8183ABCD-BE36-4111-86B0-C371CD6C08F9}.Release|Any CPU.Build.0 = Release|Any CPU
		{278E2E44-4D1B-4D74-86AC-D04A6E670F49}.Debug|Any CPU.ActiveCfg = Debug|Any CPU
		{278E2E44-4D1B-4D74-86AC-D04A6E670F49}.Debug|Any CPU.Build.0 = Debug|Any CPU
		{278E2E44-4D1B-4D74-86AC-D04A6E670F49}.Release|Any CPU.ActiveCfg = Release|Any CPU
		{278E2E44-4D1B-4D74-86AC-D04A6E670F49}.Release|Any CPU.Build.0 = Release|Any CPU
		{460E736B-D32C-441E-967D-8A264D1360A3}.Debug|Any CPU.ActiveCfg = Debug|Any CPU
		{460E736B-D32C-441E-967D-8A264D1360A3}.Debug|Any CPU.Build.0 = Debug|Any CPU
		{460E736B-D32C-441E-967D-8A264D1360A3}.Release|Any CPU.ActiveCfg = Release|Any CPU
		{460E736B-D32C-441E-967D-8A264D1360A3}.Release|Any CPU.Build.0 = Release|Any CPU
		{6AD1A6D1-8C72-4720-B36D-A14A1E918B92}.Debug|Any CPU.ActiveCfg = Debug|Any CPU
		{6AD1A6D1-8C72-4720-B36D-A14A1E918B92}.Debug|Any CPU.Build.0 = Debug|Any CPU
		{6AD1A6D1-8C72-4720-B36D-A14A1E918B92}.Release|Any CPU.ActiveCfg = Release|Any CPU
		{6AD1A6D1-8C72-4720-B36D-A14A1E918B92}.Release|Any CPU.Build.0 = Release|Any CPU
		{B5B7EBE8-F8F4-47A4-A007-B0A655AA9DEB}.Debug|Any CPU.ActiveCfg = Debug|Any CPU
		{B5B7EBE8-F8F4-47A4-A007-B0A655AA9DEB}.Debug|Any CPU.Build.0 = Debug|Any CPU
		{B5B7EBE8-F8F4-47A4-A007-B0A655AA9DEB}.Release|Any CPU.ActiveCfg = Release|Any CPU
		{B5B7EBE8-F8F4-47A4-A007-B0A655AA9DEB}.Release|Any CPU.Build.0 = Release|Any CPU
		{E7C0C9D6-D667-4F5C-8505-1B7A091776E1}.Debug|Any CPU.ActiveCfg = Debug|Any CPU
		{E7C0C9D6-D667-4F5C-8505-1B7A091776E1}.Debug|Any CPU.Build.0 = Debug|Any CPU
		{E7C0C9D6-D667-4F5C-8505-1B7A091776E1}.Release|Any CPU.ActiveCfg = Release|Any CPU
		{E7C0C9D6-D667-4F5C-8505-1B7A091776E1}.Release|Any CPU.Build.0 = Release|Any CPU
		{3707CF42-1789-425C-90E4-6EE8DC55AD6D}.Debug|Any CPU.ActiveCfg = Debug|Any CPU
		{3707CF42-1789-425C-90E4-6EE8DC55AD6D}.Debug|Any CPU.Build.0 = Debug|Any CPU
		{3707CF42-1789-425C-90E4-6EE8DC55AD6D}.Release|Any CPU.ActiveCfg = Release|Any CPU
		{3707CF42-1789-425C-90E4-6EE8DC55AD6D}.Release|Any CPU.Build.0 = Release|Any CPU
		{1B9D884F-C138-48F1-872B-2F1B50510114}.Debug|Any CPU.ActiveCfg = Debug|Any CPU
		{1B9D884F-C138-48F1-872B-2F1B50510114}.Debug|Any CPU.Build.0 = Debug|Any CPU
		{1B9D884F-C138-48F1-872B-2F1B50510114}.Release|Any CPU.ActiveCfg = Release|Any CPU
		{1B9D884F-C138-48F1-872B-2F1B50510114}.Release|Any CPU.Build.0 = Release|Any CPU
		{823275CE-4312-4179-8B64-438B1ED02DFA}.Debug|Any CPU.ActiveCfg = Debug|Any CPU
		{823275CE-4312-4179-8B64-438B1ED02DFA}.Debug|Any CPU.Build.0 = Debug|Any CPU
		{823275CE-4312-4179-8B64-438B1ED02DFA}.Release|Any CPU.ActiveCfg = Release|Any CPU
		{823275CE-4312-4179-8B64-438B1ED02DFA}.Release|Any CPU.Build.0 = Release|Any CPU
		{98043AD6-2CF3-4C2F-AE61-7FD3002FB45A}.Debug|Any CPU.ActiveCfg = Debug|Any CPU
		{98043AD6-2CF3-4C2F-AE61-7FD3002FB45A}.Debug|Any CPU.Build.0 = Debug|Any CPU
		{98043AD6-2CF3-4C2F-AE61-7FD3002FB45A}.Release|Any CPU.ActiveCfg = Release|Any CPU
		{98043AD6-2CF3-4C2F-AE61-7FD3002FB45A}.Release|Any CPU.Build.0 = Release|Any CPU
		{ABB6DA40-C9C0-4145-B78B-50EAA3004AB6}.Debug|Any CPU.ActiveCfg = Debug|Any CPU
		{ABB6DA40-C9C0-4145-B78B-50EAA3004AB6}.Debug|Any CPU.Build.0 = Debug|Any CPU
		{ABB6DA40-C9C0-4145-B78B-50EAA3004AB6}.Release|Any CPU.ActiveCfg = Release|Any CPU
		{ABB6DA40-C9C0-4145-B78B-50EAA3004AB6}.Release|Any CPU.Build.0 = Release|Any CPU
		{4FB8A5F8-C199-44ED-B817-609A9B8788AB}.Debug|Any CPU.ActiveCfg = Debug|Any CPU
		{4FB8A5F8-C199-44ED-B817-609A9B8788AB}.Debug|Any CPU.Build.0 = Debug|Any CPU
		{4FB8A5F8-C199-44ED-B817-609A9B8788AB}.Release|Any CPU.ActiveCfg = Release|Any CPU
		{4FB8A5F8-C199-44ED-B817-609A9B8788AB}.Release|Any CPU.Build.0 = Release|Any CPU
		{542AE938-392E-42CF-85F9-EB0CAF2743D5}.Debug|Any CPU.ActiveCfg = Debug|Any CPU
		{542AE938-392E-42CF-85F9-EB0CAF2743D5}.Debug|Any CPU.Build.0 = Debug|Any CPU
		{542AE938-392E-42CF-85F9-EB0CAF2743D5}.Release|Any CPU.ActiveCfg = Release|Any CPU
		{542AE938-392E-42CF-85F9-EB0CAF2743D5}.Release|Any CPU.Build.0 = Release|Any CPU
		{2C06A55E-CA4F-40DD-BF99-5F0456599466}.Debug|Any CPU.ActiveCfg = Debug|Any CPU
		{2C06A55E-CA4F-40DD-BF99-5F0456599466}.Debug|Any CPU.Build.0 = Debug|Any CPU
		{2C06A55E-CA4F-40DD-BF99-5F0456599466}.Release|Any CPU.ActiveCfg = Release|Any CPU
		{2C06A55E-CA4F-40DD-BF99-5F0456599466}.Release|Any CPU.Build.0 = Release|Any CPU
		{C8F1F7BA-5B66-4382-9CF1-3640626CD0E7}.Debug|Any CPU.ActiveCfg = Debug|Any CPU
		{C8F1F7BA-5B66-4382-9CF1-3640626CD0E7}.Debug|Any CPU.Build.0 = Debug|Any CPU
		{C8F1F7BA-5B66-4382-9CF1-3640626CD0E7}.Release|Any CPU.ActiveCfg = Release|Any CPU
		{C8F1F7BA-5B66-4382-9CF1-3640626CD0E7}.Release|Any CPU.Build.0 = Release|Any CPU
	EndGlobalSection
	GlobalSection(SolutionProperties) = preSolution
		HideSolutionNode = FALSE
	EndGlobalSection
	GlobalSection(ExtensibilityGlobals) = postSolution
		SolutionGuid = {D0387175-CF11-40D5-86EC-550C43EB9FB7}
	EndGlobalSection
EndGlobal
