
Microsoft Visual Studio Solution File, Format Version 12.00
# Visual Studio Version 17
VisualStudioVersion = 17.2.32630.192
MinimumVisualStudioVersion = 10.0.40219.1
Project("{9A19103F-16F7-4668-BE54-9A1E7A4F7556}") = "R5T.F0083.Construction", "R5T.F0083.Construction\R5T.F0083.Construction.csproj", "{18F98255-B566-4BC0-94BA-F25F36CFD20C}"
EndProject
Project("{9A19103F-16F7-4668-BE54-9A1E7A4F7556}") = "R5T.F0083", "R5T.F0083\R5T.F0083.csproj", "{3E8075A2-509F-48B9-AEDD-2334EFEA40B9}"
EndProject
Project("{2150E333-8FDC-42A3-9474-1A3956D46DE8}") = "_Dependencies", "_Dependencies", "{7FE8AAE8-5202-4B9B-BDEF-DA09D84D1FE2}"
EndProject
Project("{9A19103F-16F7-4668-BE54-9A1E7A4F7556}") = "R5T.F0079", "..\..\R5T.F0079\source\R5T.F0079\R5T.F0079.csproj", "{1663B26D-C8F8-4141-BB5D-AE49DEC17EC7}"
EndProject
Project("{FAE04EC0-301F-11D3-BF4B-00C04F79EFBC}") = "R5T.F0083.R001", "R5T.F0083.R001\R5T.F0083.R001.csproj", "{2D864EF9-F547-41C0-A7AA-CC1EDADFC8B1}"
EndProject
Project("{9A19103F-16F7-4668-BE54-9A1E7A4F7556}") = "R5T.Z0021", "..\..\R5T.Z0021\source\R5T.Z0021\R5T.Z0021.csproj", "{29F61FC5-312F-4B8C-8443-254CC7D08439}"
EndProject
Project("{9A19103F-16F7-4668-BE54-9A1E7A4F7556}") = "R5T.F0033", "..\..\R5T.F0033\source\R5T.F0033\R5T.F0033.csproj", "{B8CA6939-D722-4E21-936A-124F7E178D91}"
EndProject
Project("{9A19103F-16F7-4668-BE54-9A1E7A4F7556}") = "R5T.F0000", "..\..\R5T.F0000\source\R5T.F0000\R5T.F0000.csproj", "{6D01C4C2-E164-4C08-AA22-5CE9F119D51E}"
EndProject
Project("{9A19103F-16F7-4668-BE54-9A1E7A4F7556}") = "R5T.NG0009", "..\..\R5T.NG0009\source\R5T.NG0009\R5T.NG0009.csproj", "{0AA5DFC5-77EC-43D2-8349-3316EBB6267C}"
EndProject
Project("{9A19103F-16F7-4668-BE54-9A1E7A4F7556}") = "R5T.T0131", "..\..\R5T.T0131\source\R5T.T0131\R5T.T0131.csproj", "{91BCEB72-1B27-4F6F-A9F8-B043E9319CDF}"
EndProject
Project("{9A19103F-16F7-4668-BE54-9A1E7A4F7556}") = "R5T.T0132", "..\..\R5T.T0132\source\R5T.T0132\R5T.T0132.csproj", "{73781E2E-8125-4495-AD05-0F803D9245C7}"
EndProject
Project("{9A19103F-16F7-4668-BE54-9A1E7A4F7556}") = "R5T.T0142", "..\..\R5T.T0142\source\R5T.T0142\R5T.T0142.csproj", "{A0586799-0B2F-4448-8E65-2A04BF85EABF}"
EndProject
Project("{9A19103F-16F7-4668-BE54-9A1E7A4F7556}") = "R5T.T0143", "..\..\R5T.T0143\source\R5T.T0143\R5T.T0143.csproj", "{0C163F17-A188-4583-88F0-07EFA3FB7825}"
EndProject
Project("{9A19103F-16F7-4668-BE54-9A1E7A4F7556}") = "R5T.Y0000", "..\..\R5T.Y0000\source\R5T.Y0000\R5T.Y0000.csproj", "{000BA8AA-0C69-4EFC-94F0-C46493A1E829}"
EndProject
Project("{9A19103F-16F7-4668-BE54-9A1E7A4F7556}") = "R5T.Z0000", "..\..\R5T.Z0000\source\R5T.Z0000\R5T.Z0000.csproj", "{4CF9F750-44ED-44A4-958C-D5B195823C8C}"
EndProject
Project("{9A19103F-16F7-4668-BE54-9A1E7A4F7556}") = "R5T.Z0015", "..\..\R5T.Z0015\source\R5T.Z0015\R5T.Z0015.csproj", "{93D6E791-DA8C-4AA3-8BE5-4A5A829FF749}"
EndProject
Global
	GlobalSection(NestedProjects) = preSolution
		{1663B26D-C8F8-4141-BB5D-AE49DEC17EC7} = {7FE8AAE8-5202-4B9B-BDEF-DA09D84D1FE2}
		{29F61FC5-312F-4B8C-8443-254CC7D08439} = {7FE8AAE8-5202-4B9B-BDEF-DA09D84D1FE2}
		{B8CA6939-D722-4E21-936A-124F7E178D91} = {7FE8AAE8-5202-4B9B-BDEF-DA09D84D1FE2}
		{6D01C4C2-E164-4C08-AA22-5CE9F119D51E} = {7FE8AAE8-5202-4B9B-BDEF-DA09D84D1FE2}
		{0AA5DFC5-77EC-43D2-8349-3316EBB6267C} = {7FE8AAE8-5202-4B9B-BDEF-DA09D84D1FE2}
		{91BCEB72-1B27-4F6F-A9F8-B043E9319CDF} = {7FE8AAE8-5202-4B9B-BDEF-DA09D84D1FE2}
		{73781E2E-8125-4495-AD05-0F803D9245C7} = {7FE8AAE8-5202-4B9B-BDEF-DA09D84D1FE2}
		{A0586799-0B2F-4448-8E65-2A04BF85EABF} = {7FE8AAE8-5202-4B9B-BDEF-DA09D84D1FE2}
		{0C163F17-A188-4583-88F0-07EFA3FB7825} = {7FE8AAE8-5202-4B9B-BDEF-DA09D84D1FE2}
		{000BA8AA-0C69-4EFC-94F0-C46493A1E829} = {7FE8AAE8-5202-4B9B-BDEF-DA09D84D1FE2}
		{4CF9F750-44ED-44A4-958C-D5B195823C8C} = {7FE8AAE8-5202-4B9B-BDEF-DA09D84D1FE2}
		{93D6E791-DA8C-4AA3-8BE5-4A5A829FF749} = {7FE8AAE8-5202-4B9B-BDEF-DA09D84D1FE2}
	EndGlobalSection
	GlobalSection(SolutionConfigurationPlatforms) = preSolution
		Debug|Any CPU = Debug|Any CPU
		Release|Any CPU = Release|Any CPU
	EndGlobalSection
	GlobalSection(ProjectConfigurationPlatforms) = postSolution
		{18F98255-B566-4BC0-94BA-F25F36CFD20C}.Debug|Any CPU.ActiveCfg = Debug|Any CPU
		{18F98255-B566-4BC0-94BA-F25F36CFD20C}.Debug|Any CPU.Build.0 = Debug|Any CPU
		{18F98255-B566-4BC0-94BA-F25F36CFD20C}.Release|Any CPU.ActiveCfg = Release|Any CPU
		{18F98255-B566-4BC0-94BA-F25F36CFD20C}.Release|Any CPU.Build.0 = Release|Any CPU
		{3E8075A2-509F-48B9-AEDD-2334EFEA40B9}.Debug|Any CPU.ActiveCfg = Debug|Any CPU
		{3E8075A2-509F-48B9-AEDD-2334EFEA40B9}.Debug|Any CPU.Build.0 = Debug|Any CPU
		{3E8075A2-509F-48B9-AEDD-2334EFEA40B9}.Release|Any CPU.ActiveCfg = Release|Any CPU
		{3E8075A2-509F-48B9-AEDD-2334EFEA40B9}.Release|Any CPU.Build.0 = Release|Any CPU
		{1663B26D-C8F8-4141-BB5D-AE49DEC17EC7}.Debug|Any CPU.ActiveCfg = Debug|Any CPU
		{1663B26D-C8F8-4141-BB5D-AE49DEC17EC7}.Debug|Any CPU.Build.0 = Debug|Any CPU
		{1663B26D-C8F8-4141-BB5D-AE49DEC17EC7}.Release|Any CPU.ActiveCfg = Release|Any CPU
		{1663B26D-C8F8-4141-BB5D-AE49DEC17EC7}.Release|Any CPU.Build.0 = Release|Any CPU
		{2D864EF9-F547-41C0-A7AA-CC1EDADFC8B1}.Debug|Any CPU.ActiveCfg = Debug|Any CPU
		{2D864EF9-F547-41C0-A7AA-CC1EDADFC8B1}.Debug|Any CPU.Build.0 = Debug|Any CPU
		{2D864EF9-F547-41C0-A7AA-CC1EDADFC8B1}.Release|Any CPU.ActiveCfg = Release|Any CPU
		{2D864EF9-F547-41C0-A7AA-CC1EDADFC8B1}.Release|Any CPU.Build.0 = Release|Any CPU
		{29F61FC5-312F-4B8C-8443-254CC7D08439}.Debug|Any CPU.ActiveCfg = Debug|Any CPU
		{29F61FC5-312F-4B8C-8443-254CC7D08439}.Debug|Any CPU.Build.0 = Debug|Any CPU
		{29F61FC5-312F-4B8C-8443-254CC7D08439}.Release|Any CPU.ActiveCfg = Release|Any CPU
		{29F61FC5-312F-4B8C-8443-254CC7D08439}.Release|Any CPU.Build.0 = Release|Any CPU
		{B8CA6939-D722-4E21-936A-124F7E178D91}.Debug|Any CPU.ActiveCfg = Debug|Any CPU
		{B8CA6939-D722-4E21-936A-124F7E178D91}.Debug|Any CPU.Build.0 = Debug|Any CPU
		{B8CA6939-D722-4E21-936A-124F7E178D91}.Release|Any CPU.ActiveCfg = Release|Any CPU
		{B8CA6939-D722-4E21-936A-124F7E178D91}.Release|Any CPU.Build.0 = Release|Any CPU
		{6D01C4C2-E164-4C08-AA22-5CE9F119D51E}.Debug|Any CPU.ActiveCfg = Debug|Any CPU
		{6D01C4C2-E164-4C08-AA22-5CE9F119D51E}.Debug|Any CPU.Build.0 = Debug|Any CPU
		{6D01C4C2-E164-4C08-AA22-5CE9F119D51E}.Release|Any CPU.ActiveCfg = Release|Any CPU
		{6D01C4C2-E164-4C08-AA22-5CE9F119D51E}.Release|Any CPU.Build.0 = Release|Any CPU
		{0AA5DFC5-77EC-43D2-8349-3316EBB6267C}.Debug|Any CPU.ActiveCfg = Debug|Any CPU
		{0AA5DFC5-77EC-43D2-8349-3316EBB6267C}.Debug|Any CPU.Build.0 = Debug|Any CPU
		{0AA5DFC5-77EC-43D2-8349-3316EBB6267C}.Release|Any CPU.ActiveCfg = Release|Any CPU
		{0AA5DFC5-77EC-43D2-8349-3316EBB6267C}.Release|Any CPU.Build.0 = Release|Any CPU
		{91BCEB72-1B27-4F6F-A9F8-B043E9319CDF}.Debug|Any CPU.ActiveCfg = Debug|Any CPU
		{91BCEB72-1B27-4F6F-A9F8-B043E9319CDF}.Debug|Any CPU.Build.0 = Debug|Any CPU
		{91BCEB72-1B27-4F6F-A9F8-B043E9319CDF}.Release|Any CPU.ActiveCfg = Release|Any CPU
		{91BCEB72-1B27-4F6F-A9F8-B043E9319CDF}.Release|Any CPU.Build.0 = Release|Any CPU
		{73781E2E-8125-4495-AD05-0F803D9245C7}.Debug|Any CPU.ActiveCfg = Debug|Any CPU
		{73781E2E-8125-4495-AD05-0F803D9245C7}.Debug|Any CPU.Build.0 = Debug|Any CPU
		{73781E2E-8125-4495-AD05-0F803D9245C7}.Release|Any CPU.ActiveCfg = Release|Any CPU
		{73781E2E-8125-4495-AD05-0F803D9245C7}.Release|Any CPU.Build.0 = Release|Any CPU
		{A0586799-0B2F-4448-8E65-2A04BF85EABF}.Debug|Any CPU.ActiveCfg = Debug|Any CPU
		{A0586799-0B2F-4448-8E65-2A04BF85EABF}.Debug|Any CPU.Build.0 = Debug|Any CPU
		{A0586799-0B2F-4448-8E65-2A04BF85EABF}.Release|Any CPU.ActiveCfg = Release|Any CPU
		{A0586799-0B2F-4448-8E65-2A04BF85EABF}.Release|Any CPU.Build.0 = Release|Any CPU
		{0C163F17-A188-4583-88F0-07EFA3FB7825}.Debug|Any CPU.ActiveCfg = Debug|Any CPU
		{0C163F17-A188-4583-88F0-07EFA3FB7825}.Debug|Any CPU.Build.0 = Debug|Any CPU
		{0C163F17-A188-4583-88F0-07EFA3FB7825}.Release|Any CPU.ActiveCfg = Release|Any CPU
		{0C163F17-A188-4583-88F0-07EFA3FB7825}.Release|Any CPU.Build.0 = Release|Any CPU
		{000BA8AA-0C69-4EFC-94F0-C46493A1E829}.Debug|Any CPU.ActiveCfg = Debug|Any CPU
		{000BA8AA-0C69-4EFC-94F0-C46493A1E829}.Debug|Any CPU.Build.0 = Debug|Any CPU
		{000BA8AA-0C69-4EFC-94F0-C46493A1E829}.Release|Any CPU.ActiveCfg = Release|Any CPU
		{000BA8AA-0C69-4EFC-94F0-C46493A1E829}.Release|Any CPU.Build.0 = Release|Any CPU
		{4CF9F750-44ED-44A4-958C-D5B195823C8C}.Debug|Any CPU.ActiveCfg = Debug|Any CPU
		{4CF9F750-44ED-44A4-958C-D5B195823C8C}.Debug|Any CPU.Build.0 = Debug|Any CPU
		{4CF9F750-44ED-44A4-958C-D5B195823C8C}.Release|Any CPU.ActiveCfg = Release|Any CPU
		{4CF9F750-44ED-44A4-958C-D5B195823C8C}.Release|Any CPU.Build.0 = Release|Any CPU
		{93D6E791-DA8C-4AA3-8BE5-4A5A829FF749}.Debug|Any CPU.ActiveCfg = Debug|Any CPU
		{93D6E791-DA8C-4AA3-8BE5-4A5A829FF749}.Debug|Any CPU.Build.0 = Debug|Any CPU
		{93D6E791-DA8C-4AA3-8BE5-4A5A829FF749}.Release|Any CPU.ActiveCfg = Release|Any CPU
		{93D6E791-DA8C-4AA3-8BE5-4A5A829FF749}.Release|Any CPU.Build.0 = Release|Any CPU
	EndGlobalSection
	GlobalSection(SolutionProperties) = preSolution
		HideSolutionNode = FALSE
	EndGlobalSection
	GlobalSection(ExtensibilityGlobals) = postSolution
		SolutionGuid = {2045AD93-F8C9-41F6-B202-E4560919A2DD}
	EndGlobalSection
EndGlobal
